<?xml version="1.0" encoding="utf-8"?>
<Project ToolsVersion="15.0" xmlns="http://schemas.microsoft.com/developer/msbuild/2003">
  <ItemGroup>
    <ClCompile Include="C:\Users\alawi\Documents\Groups\Groups\Source\Main.cpp">
      <Filter>Source</Filter>
    </ClCompile>
    <ClCompile Include="C:\Users\alawi\Documents\Groups\Groups\Source\Test\File.cpp">
      <Filter>Source\Test</Filter>
    </ClCompile>
  </ItemGroup>
  <ItemGroup>
    <CustomBuild Include="C:\Users\alawi\Documents\Groups\Groups\CMakeLists.txt" />
  </ItemGroup>
  <ItemGroup>
    <Filter Include="Source">
      <UniqueIdentifier>{C0B297CC-7C6E-31A9-AD0F-2352DFE4636D}</UniqueIdentifier>
    </Filter>
    <Filter Include="Source\Test">
      <UniqueIdentifier>{794C56DA-EECD-3987-BA17-E92CD01DE95D}</UniqueIdentifier>
    </Filter>
  </ItemGroup>
</Project>
